github.com/Benau/go_rlottie v0.0.0-20210807002906-98c1b2421989 h1:+wrfJITuBoQOE6ST4k3c4EortNVQXVhfAbwt0M/j0+Y=
github.com/Benau/go_rlottie v0.0.0-20210807002906-98c1b2421989/go.mod h1:aDWSWjsayFyGTvHZH3v4ijGXEBe51xcEkAK+NUWeOeo=
github.com/av-elier/go-decimal-to-rational v0.0.0-20191127152832-89e6aad02ecf h1:csfEAyvOG4/498Q4SyF48ysFqQC9ESj3o8ppRtg+Rog=
github.com/av-elier/go-decimal-to-rational v0.0.0-20191127152832-89e6aad02ecf/go.mod h1:POPnOeaYF7U9o3PjLTb9icRfEOxjBNLRXh9BLximJGM=
github.com/davecgh/go-spew v1.1.0 h1:ZDRjVQ15GmhC3fiQ8ni8+OwkZQO4DARzQgrnXU1Liz8=
github.com/davecgh/go-spew v1.1.0/go.mod h1:J7Y8YcW2NihsgmVo/mv3lAwl/skON4iLHjSsI+c5H38=
github.com/kettek/apng v0.0.0-20191108220231-414630eed80f h1:dnCYnTSltLuPMfc7dMrkz2uBUcEf/OFBR8yRh3oRT98=
github.com/kettek/apng v0.0.0-20191108220231-414630eed80f/go.mod h1:x78/VRQYKuCftMWS0uK5e+F5RJ7S4gSlESRWI0Prl6Q=
github.com/pmezard/go-difflib v1.0.0 h1:4DBwDE0NGyQoBHbLQYPwSUPoCMWR5BEzIk/f1lZbAQM=
github.com/pmezard/go-difflib v1.0.0/go.mod h1:iKH77koFhYxTK1pcRnkKkqfTogsbg7gZNVY4sRDYZ/4=
github.com/sizeofint/webpanimation v0.0.0-20210809145948-1d2b32119882 h1:A7o8tOERTtpD/poS+2VoassCjXpjHn916luXbf5QKD0=
github.com/sizeofint/webpanimation v0.0.0-20210809145948-1d2b32119882/go.mod h1:5IwJoz9Pw7JsrCN4/skkxUtSWT7myuUPLhCgv6Q5vvQ=
github.com/stretchr/objx v0.1.0/go.mod h1:HFkY916IF+rwdDfMAkV7OtwuqBVzrE8GR6GFx+wExME=
github.com/stretchr/testify v1.7.0 h1:nwc3DEeHmmLAfoZucVR881uASk0Mfjw8xYJ99tb5CcY=
github.com/stretchr/testify v1.7.0/go.mod h1:6Fq8oRcR53rry900zMqJjRRixrwX3KX962/h/Wwjteg=
gopkg.in/check.v1 v0.0.0-20161208181325-20d25e280405/go.mod h1:Co6ibVJAznAaIkqp8huTwlJQCZ016jof/cbN4VW5Yz0=
gopkg.in/yaml.v3 v3.0.0-20200313102051-9f266ea9e77c h1:dUUwHk2QECo/6vqA44rthZ8ie2QXMNeKRTHCNY2nXvo=
gopkg.in/yaml.v3 v3.0.0-20200313102051-9f266ea9e77c/go.mod h1:K4uyk7z7BCEPqu6E+C64Yfv1cQ7kz7rIZviUmN+EgEM=
